// !$*UTF8*$!
{
	archiveVersion = 1;
	classes = {
	};
	objectVersion = 56;
	objects = {

/* Begin PBXBuildFile section */
		03866B0B28E024B300FAC97B /* Watch_SaveTaskApp.swift in Sources */ = {isa = PBXBuildFile; fileRef = 03866B0A28E024B300FAC97B /* Watch_SaveTaskApp.swift */; };
		03866B0D28E024B300FAC97B /* ContentView.swift in Sources */ = {isa = PBXBuildFile; fileRef = 03866B0C28E024B300FAC97B /* ContentView.swift */; };
		03866B0F28E024B400FAC97B /* Assets.xcassets in Resources */ = {isa = PBXBuildFile; fileRef = 03866B0E28E024B400FAC97B /* Assets.xcassets */; };
		03866B1228E024B400FAC97B /* Preview Assets.xcassets in Resources */ = {isa = PBXBuildFile; fileRef = 03866B1128E024B400FAC97B /* Preview Assets.xcassets */; };
		03866B1828E024B400FAC97B /* Watch_SaveTask Watch App.app in Embed Watch Content */ = {isa = PBXBuildFile; fileRef = 03866B1728E024B400FAC97B /* Watch_SaveTask Watch App.app */; settings = {ATTRIBUTES = (RemoveHeadersOnCopy, ); }; };
		03866B1D28E024B400FAC97B /* Watch_SaveTaskApp.swift in Sources */ = {isa = PBXBuildFile; fileRef = 03866B1C28E024B400FAC97B /* Watch_SaveTaskApp.swift */; };
		03866B1F28E024B400FAC97B /* ContentView.swift in Sources */ = {isa = PBXBuildFile; fileRef = 03866B1E28E024B400FAC97B /* ContentView.swift */; };
		03866B2128E024B500FAC97B /* Assets.xcassets in Resources */ = {isa = PBXBuildFile; fileRef = 03866B2028E024B500FAC97B /* Assets.xcassets */; };
		03866B2428E024B500FAC97B /* Preview Assets.xcassets in Resources */ = {isa = PBXBuildFile; fileRef = 03866B2328E024B500FAC97B /* Preview Assets.xcassets */; };
		03866B2F28E0296000FAC97B /* AddItem.swift in Sources */ = {isa = PBXBuildFile; fileRef = 03866B2E28E0296000FAC97B /* AddItem.swift */; };
		03866B7528E02F1900FAC97B /* Persistant.swift in Sources */ = {isa = PBXBuildFile; fileRef = 03866B7428E02F1900FAC97B /* Persistant.swift */; };
		03866B7628E02F2400FAC97B /* Persistant.swift in Sources */ = {isa = PBXBuildFile; fileRef = 03866B7428E02F1900FAC97B /* Persistant.swift */; };
		03866B7928E02F7800FAC97B /* Task.xcdatamodeld in Sources */ = {isa = PBXBuildFile; fileRef = 03866B7728E02F7800FAC97B /* Task.xcdatamodeld */; };
		03866B7B28E0346500FAC97B /* ViewMemo.swift in Sources */ = {isa = PBXBuildFile; fileRef = 03866B7A28E0346500FAC97B /* ViewMemo.swift */; };
		03866B8328E0AB2400FAC97B /* Task.xcdatamodeld in Sources */ = {isa = PBXBuildFile; fileRef = 03866B7728E02F7800FAC97B /* Task.xcdatamodeld */; };
		03866B8628E0B82A00FAC97B /* DeleteMemo.swift in Sources */ = {isa = PBXBuildFile; fileRef = 03866B8428E0B82A00FAC97B /* DeleteMemo.swift */; };
		03866B8928E10E5000FAC97B /* SendToPhone.swift in Sources */ = {isa = PBXBuildFile; fileRef = 03866B8828E10E5000FAC97B /* SendToPhone.swift */; };
		03866B8B28E10EEB00FAC97B /* SendMemoModel.swift in Sources */ = {isa = PBXBuildFile; fileRef = 03866B8A28E10EEB00FAC97B /* SendMemoModel.swift */; };
		03866B8E28E114B500FAC97B /* AddItem.swift in Sources */ = {isa = PBXBuildFile; fileRef = 03866B2E28E0296000FAC97B /* AddItem.swift */; };
		03866B9028E114BA00FAC97B /* DeleteMemo.swift in Sources */ = {isa = PBXBuildFile; fileRef = 03866B8428E0B82A00FAC97B /* DeleteMemo.swift */; };
		03866B9328E114E600FAC97B /* NavButton.swift in Sources */ = {isa = PBXBuildFile; fileRef = 03866B9228E114E600FAC97B /* NavButton.swift */; };
		03866B9428E1152F00FAC97B /* NavButton.swift in Sources */ = {isa = PBXBuildFile; fileRef = 03866B9228E114E600FAC97B /* NavButton.swift */; };
		03866B9528E1154100FAC97B /* ViewMemo.swift in Sources */ = {isa = PBXBuildFile; fileRef = 03866B7A28E0346500FAC97B /* ViewMemo.swift */; };
		03F1934228E2B6D30008F428 /* MessageListViewModel.swift in Sources */ = {isa = PBXBuildFile; fileRef = 03F1934128E2B6D30008F428 /* MessageListViewModel.swift */; };
		03F1934D28E2CE540008F428 /* Memo+CoreDataClass.swift in Sources */ = {isa = PBXBuildFile; fileRef = 03F1934B28E2CE540008F428 /* Memo+CoreDataClass.swift */; };
		03F1934E28E2CE540008F428 /* Memo+CoreDataClass.swift in Sources */ = {isa = PBXBuildFile; fileRef = 03F1934B28E2CE540008F428 /* Memo+CoreDataClass.swift */; };
		03F1934F28E2CE540008F428 /* Memo+CoreDataProperties.swift in Sources */ = {isa = PBXBuildFile; fileRef = 03F1934C28E2CE540008F428 /* Memo+CoreDataProperties.swift */; };
		03F1935028E2CE540008F428 /* Memo+CoreDataProperties.swift in Sources */ = {isa = PBXBuildFile; fileRef = 03F1934C28E2CE540008F428 /* Memo+CoreDataProperties.swift */; };
/* End PBXBuildFile section */

/* Begin PBXContainerItemProxy section */
		03866B1928E024B400FAC97B /* PBXContainerItemProxy */ = {
			isa = PBXContainerItemProxy;
			containerPortal = 03866AFF28E024B200FAC97B /* Project object */;
			proxyType = 1;
			remoteGlobalIDString = 03866B1628E024B400FAC97B;
			remoteInfo = "Watch_SaveTask Watch App";
		};
/* End PBXContainerItemProxy section */

/* Begin PBXCopyFilesBuildPhase section */
		03866B2A28E024B500FAC97B /* Embed Watch Content */ = {
			isa = PBXCopyFilesBuildPhase;
			buildActionMask = 2147483647;
			dstPath = "$(CONTENTS_FOLDER_PATH)/Watch";
			dstSubfolderSpec = 16;
			files = (
				03866B1828E024B400FAC97B /* Watch_SaveTask Watch App.app in Embed Watch Content */,
			);
			name = "Embed Watch Content";
			runOnlyForDeploymentPostprocessing = 0;
		};
/* End PBXCopyFilesBuildPhase section */

/* Begin PBXFileReference section */
		03866B0728E024B300FAC97B /* Watch_SaveTask.app */ = {isa = PBXFileReference; explicitFileType = wrapper.application; includeInIndex = 0; path = Watch_SaveTask.app; sourceTree = BUILT_PRODUCTS_DIR; };
		03866B0A28E024B300FAC97B /* Watch_SaveTaskApp.swift */ = {isa = PBXFileReference; lastKnownFileType = sourcecode.swift; path = Watch_SaveTaskApp.swift; sourceTree = "<group>"; };
		03866B0C28E024B300FAC97B /* ContentView.swift */ = {isa = PBXFileReference; lastKnownFileType = sourcecode.swift; path = ContentView.swift; sourceTree = "<group>"; };
		03866B0E28E024B400FAC97B /* Assets.xcassets */ = {isa = PBXFileReference; lastKnownFileType = folder.assetcatalog; path = Assets.xcassets; sourceTree = "<group>"; };
		03866B1128E024B400FAC97B /* Preview Assets.xcassets */ = {isa = PBXFileReference; lastKnownFileType = folder.assetcatalog; path = "Preview Assets.xcassets"; sourceTree = "<group>"; };
		03866B1728E024B400FAC97B /* Watch_SaveTask Watch App.app */ = {isa = PBXFileReference; explicitFileType = wrapper.application; includeInIndex = 0; path = "Watch_SaveTask Watch App.app"; sourceTree = BUILT_PRODUCTS_DIR; };
		03866B1C28E024B400FAC97B /* Watch_SaveTaskApp.swift */ = {isa = PBXFileReference; lastKnownFileType = sourcecode.swift; path = Watch_SaveTaskApp.swift; sourceTree = "<group>"; };
		03866B1E28E024B400FAC97B /* ContentView.swift */ = {isa = PBXFileReference; lastKnownFileType = sourcecode.swift; path = ContentView.swift; sourceTree = "<group>"; };
		03866B2028E024B500FAC97B /* Assets.xcassets */ = {isa = PBXFileReference; lastKnownFileType = folder.assetcatalog; path = Assets.xcassets; sourceTree = "<group>"; };
		03866B2328E024B500FAC97B /* Preview Assets.xcassets */ = {isa = PBXFileReference; lastKnownFileType = folder.assetcatalog; path = "Preview Assets.xcassets"; sourceTree = "<group>"; };
		03866B2E28E0296000FAC97B /* AddItem.swift */ = {isa = PBXFileReference; lastKnownFileType = sourcecode.swift; path = AddItem.swift; sourceTree = "<group>"; };
		03866B7428E02F1900FAC97B /* Persistant.swift */ = {isa = PBXFileReference; lastKnownFileType = sourcecode.swift; path = Persistant.swift; sourceTree = "<group>"; };
		03866B7828E02F7800FAC97B /* Task.xcdatamodel */ = {isa = PBXFileReference; lastKnownFileType = wrapper.xcdatamodel; path = Task.xcdatamodel; sourceTree = "<group>"; };
		03866B7A28E0346500FAC97B /* ViewMemo.swift */ = {isa = PBXFileReference; lastKnownFileType = sourcecode.swift; path = ViewMemo.swift; sourceTree = "<group>"; };
		03866B8428E0B82A00FAC97B /* DeleteMemo.swift */ = {isa = PBXFileReference; lastKnownFileType = sourcecode.swift; path = DeleteMemo.swift; sourceTree = "<group>"; };
		03866B8828E10E5000FAC97B /* SendToPhone.swift */ = {isa = PBXFileReference; lastKnownFileType = sourcecode.swift; path = SendToPhone.swift; sourceTree = "<group>"; };
		03866B8A28E10EEB00FAC97B /* SendMemoModel.swift */ = {isa = PBXFileReference; lastKnownFileType = sourcecode.swift; path = SendMemoModel.swift; sourceTree = "<group>"; };
		03866B9228E114E600FAC97B /* NavButton.swift */ = {isa = PBXFileReference; lastKnownFileType = sourcecode.swift; path = NavButton.swift; sourceTree = "<group>"; };
		03F1934128E2B6D30008F428 /* MessageListViewModel.swift */ = {isa = PBXFileReference; lastKnownFileType = sourcecode.swift; path = MessageListViewModel.swift; sourceTree = "<group>"; };
		03F1934B28E2CE540008F428 /* Memo+CoreDataClass.swift */ = {isa = PBXFileReference; lastKnownFileType = sourcecode.swift; path = "Memo+CoreDataClass.swift"; sourceTree = "<group>"; };
		03F1934C28E2CE540008F428 /* Memo+CoreDataProperties.swift */ = {isa = PBXFileReference; lastKnownFileType = sourcecode.swift; path = "Memo+CoreDataProperties.swift"; sourceTree = "<group>"; };
/* End PBXFileReference section */

/* Begin PBXFrameworksBuildPhase section */
		03866B0428E024B300FAC97B /* Frameworks */ = {
			isa = PBXFrameworksBuildPhase;
			buildActionMask = 2147483647;
			files = (
			);
			runOnlyForDeploymentPostprocessing = 0;
		};
		03866B1428E024B400FAC97B /* Frameworks */ = {
			isa = PBXFrameworksBuildPhase;
			buildActionMask = 2147483647;
			files = (
			);
			runOnlyForDeploymentPostprocessing = 0;
		};
/* End PBXFrameworksBuildPhase section */

/* Begin PBXGroup section */
		03866AFE28E024B200FAC97B = {
			isa = PBXGroup;
			children = (
				03F1934B28E2CE540008F428 /* Memo+CoreDataClass.swift */,
				03F1934C28E2CE540008F428 /* Memo+CoreDataProperties.swift */,
				03866B7228E02EEC00FAC97B /* Shared */,
				03866B0928E024B300FAC97B /* Watch_SaveTask */,
				03866B1B28E024B400FAC97B /* Watch_SaveTask Watch App */,
				03866B0828E024B300FAC97B /* Products */,
			);
			sourceTree = "<group>";
		};
		03866B0828E024B300FAC97B /* Products */ = {
			isa = PBXGroup;
			children = (
				03866B0728E024B300FAC97B /* Watch_SaveTask.app */,
				03866B1728E024B400FAC97B /* Watch_SaveTask Watch App.app */,
			);
			name = Products;
			sourceTree = "<group>";
		};
		03866B0928E024B300FAC97B /* Watch_SaveTask */ = {
			isa = PBXGroup;
			children = (
				03866B0A28E024B300FAC97B /* Watch_SaveTaskApp.swift */,
				03866B0C28E024B300FAC97B /* ContentView.swift */,
				03F1934128E2B6D30008F428 /* MessageListViewModel.swift */,
				03866B0E28E024B400FAC97B /* Assets.xcassets */,
				03866B1028E024B400FAC97B /* Preview Content */,
			);
			path = Watch_SaveTask;
			sourceTree = "<group>";
		};
		03866B1028E024B400FAC97B /* Preview Content */ = {
			isa = PBXGroup;
			children = (
				03866B1128E024B400FAC97B /* Preview Assets.xcassets */,
			);
			path = "Preview Content";
			sourceTree = "<group>";
		};
		03866B1B28E024B400FAC97B /* Watch_SaveTask Watch App */ = {
			isa = PBXGroup;
			children = (
				03866B1C28E024B400FAC97B /* Watch_SaveTaskApp.swift */,
				03866B1E28E024B400FAC97B /* ContentView.swift */,
				03866B2E28E0296000FAC97B /* AddItem.swift */,
				03866B8828E10E5000FAC97B /* SendToPhone.swift */,
				03866B8428E0B82A00FAC97B /* DeleteMemo.swift */,
				03866B8A28E10EEB00FAC97B /* SendMemoModel.swift */,
				03866B9228E114E600FAC97B /* NavButton.swift */,
				03866B2028E024B500FAC97B /* Assets.xcassets */,
				03866B2228E024B500FAC97B /* Preview Content */,
			);
			path = "Watch_SaveTask Watch App";
			sourceTree = "<group>";
		};
		03866B2228E024B500FAC97B /* Preview Content */ = {
			isa = PBXGroup;
			children = (
				03866B2328E024B500FAC97B /* Preview Assets.xcassets */,
			);
			path = "Preview Content";
			sourceTree = "<group>";
		};
		03866B7228E02EEC00FAC97B /* Shared */ = {
			isa = PBXGroup;
			children = (
				03866B7328E02EF700FAC97B /* View */,
				03866B7428E02F1900FAC97B /* Persistant.swift */,
				03866B7728E02F7800FAC97B /* Task.xcdatamodeld */,
			);
			path = Shared;
			sourceTree = "<group>";
		};
		03866B7328E02EF700FAC97B /* View */ = {
			isa = PBXGroup;
			children = (
				03866B7A28E0346500FAC97B /* ViewMemo.swift */,
			);
			path = View;
			sourceTree = "<group>";
		};
/* End PBXGroup section */

/* Begin PBXNativeTarget section */
		03866B0628E024B300FAC97B /* Watch_SaveTask */ = {
			isa = PBXNativeTarget;
			buildConfigurationList = 03866B2B28E024B500FAC97B /* Build configuration list for PBXNativeTarget "Watch_SaveTask" */;
			buildPhases = (
				03866B0328E024B300FAC97B /* Sources */,
				03866B0428E024B300FAC97B /* Frameworks */,
				03866B0528E024B300FAC97B /* Resources */,
				03866B2A28E024B500FAC97B /* Embed Watch Content */,
			);
			buildRules = (
			);
			dependencies = (
				03866B1A28E024B400FAC97B /* PBXTargetDependency */,
			);
			name = Watch_SaveTask;
			productName = Watch_SaveTask;
			productReference = 03866B0728E024B300FAC97B /* Watch_SaveTask.app */;
			productType = "com.apple.product-type.application";
		};
		03866B1628E024B400FAC97B /* Watch_SaveTask Watch App */ = {
			isa = PBXNativeTarget;
			buildConfigurationList = 03866B2728E024B500FAC97B /* Build configuration list for PBXNativeTarget "Watch_SaveTask Watch App" */;
			buildPhases = (
				03866B1328E024B400FAC97B /* Sources */,
				03866B1428E024B400FAC97B /* Frameworks */,
				03866B1528E024B400FAC97B /* Resources */,
			);
			buildRules = (
			);
			dependencies = (
			);
			name = "Watch_SaveTask Watch App";
			productName = "Watch_SaveTask Watch App";
			productReference = 03866B1728E024B400FAC97B /* Watch_SaveTask Watch App.app */;
			productType = "com.apple.product-type.application";
		};
/* End PBXNativeTarget section */

/* Begin PBXProject section */
		03866AFF28E024B200FAC97B /* Project object */ = {
			isa = PBXProject;
			attributes = {
				BuildIndependentTargetsInParallel = 1;
				LastSwiftUpdateCheck = 1400;
				LastUpgradeCheck = 1400;
				TargetAttributes = {
					03866B0628E024B300FAC97B = {
						CreatedOnToolsVersion = 14.0;
					};
					03866B1628E024B400FAC97B = {
						CreatedOnToolsVersion = 14.0;
					};
				};
			};
			buildConfigurationList = 03866B0228E024B200FAC97B /* Build configuration list for PBXProject "Watch_SaveTask" */;
			compatibilityVersion = "Xcode 14.0";
			developmentRegion = en;
			hasScannedForEncodings = 0;
			knownRegions = (
				en,
				Base,
			);
			mainGroup = 03866AFE28E024B200FAC97B;
			productRefGroup = 03866B0828E024B300FAC97B /* Products */;
			projectDirPath = "";
			projectRoot = "";
			targets = (
				03866B0628E024B300FAC97B /* Watch_SaveTask */,
				03866B1628E024B400FAC97B /* Watch_SaveTask Watch App */,
			);
		};
/* End PBXProject section */

/* Begin PBXResourcesBuildPhase section */
		03866B0528E024B300FAC97B /* Resources */ = {
			isa = PBXResourcesBuildPhase;
			buildActionMask = 2147483647;
			files = (
				03866B1228E024B400FAC97B /* Preview Assets.xcassets in Resources */,
				03866B0F28E024B400FAC97B /* Assets.xcassets in Resources */,
			);
			runOnlyForDeploymentPostprocessing = 0;
		};
		03866B1528E024B400FAC97B /* Resources */ = {
			isa = PBXResourcesBuildPhase;
			buildActionMask = 2147483647;
			files = (
				03866B2428E024B500FAC97B /* Preview Assets.xcassets in Resources */,
				03866B2128E024B500FAC97B /* Assets.xcassets in Resources */,
			);
			runOnlyForDeploymentPostprocessing = 0;
		};
/* End PBXResourcesBuildPhase section */

/* Begin PBXSourcesBuildPhase section */
		03866B0328E024B300FAC97B /* Sources */ = {
			isa = PBXSourcesBuildPhase;
			buildActionMask = 2147483647;
			files = (
				03866B8328E0AB2400FAC97B /* Task.xcdatamodeld in Sources */,
				03866B0D28E024B300FAC97B /* ContentView.swift in Sources */,
				03F1934228E2B6D30008F428 /* MessageListViewModel.swift in Sources */,
				03866B8E28E114B500FAC97B /* AddItem.swift in Sources */,
				03866B9528E1154100FAC97B /* ViewMemo.swift in Sources */,
				03F1934D28E2CE540008F428 /* Memo+CoreDataClass.swift in Sources */,
				03866B9028E114BA00FAC97B /* DeleteMemo.swift in Sources */,
				03866B7628E02F2400FAC97B /* Persistant.swift in Sources */,
				03866B0B28E024B300FAC97B /* Watch_SaveTaskApp.swift in Sources */,
				03F1934F28E2CE540008F428 /* Memo+CoreDataProperties.swift in Sources */,
				03866B9428E1152F00FAC97B /* NavButton.swift in Sources */,
			);
			runOnlyForDeploymentPostprocessing = 0;
		};
		03866B1328E024B400FAC97B /* Sources */ = {
			isa = PBXSourcesBuildPhase;
			buildActionMask = 2147483647;
			files = (
				03866B8628E0B82A00FAC97B /* DeleteMemo.swift in Sources */,
				03866B8B28E10EEB00FAC97B /* SendMemoModel.swift in Sources */,
				03866B7528E02F1900FAC97B /* Persistant.swift in Sources */,
				03866B1F28E024B400FAC97B /* ContentView.swift in Sources */,
				03866B8928E10E5000FAC97B /* SendToPhone.swift in Sources */,
				03F1934E28E2CE540008F428 /* Memo+CoreDataClass.swift in Sources */,
				03866B1D28E024B400FAC97B /* Watch_SaveTaskApp.swift in Sources */,
				03866B7928E02F7800FAC97B /* Task.xcdatamodeld in Sources */,
				03866B7B28E0346500FAC97B /* ViewMemo.swift in Sources */,
				03F1935028E2CE540008F428 /* Memo+CoreDataProperties.swift in Sources */,
				03866B2F28E0296000FAC97B /* AddItem.swift in Sources */,
				03866B9328E114E600FAC97B /* NavButton.swift in Sources */,
			);
			runOnlyForDeploymentPostprocessing = 0;
		};
/* End PBXSourcesBuildPhase section */

/* Begin PBXTargetDependency section */
		03866B1A28E024B400FAC97B /* PBXTargetDependency */ = {
			isa = PBXTargetDependency;
			target = 03866B1628E024B400FAC97B /* Watch_SaveTask Watch App */;
			targetProxy = 03866B1928E024B400FAC97B /* PBXContainerItemProxy */;
		};
/* End PBXTargetDependency section */

/* Begin XCBuildConfiguration section */
		03866B2528E024B500FAC97B /* Debug */ = {
			isa = XCBuildConfiguration;
			buildSettings = {
				ALWAYS_SEARCH_USER_PATHS = NO;
				CLANG_ANALYZER_NONNULL = YES;
				CLANG_ANALYZER_NUMBER_OBJECT_CONVERSION = YES_AGGRESSIVE;
				CLANG_CXX_LANGUAGE_STANDARD = "gnu++20";
				CLANG_ENABLE_MODULES = YES;
				CLANG_ENABLE_OBJC_ARC = YES;
				CLANG_ENABLE_OBJC_WEAK = YES;
				CLANG_WARN_BLOCK_CAPTURE_AUTORELEASING = YES;
				CLANG_WARN_BOOL_CONVERSION = YES;
				CLANG_WARN_COMMA = YES;
				CLANG_WARN_CONSTANT_CONVERSION = YES;
				CLANG_WARN_DEPRECATED_OBJC_IMPLEMENTATIONS = YES;
				CLANG_WARN_DIRECT_OBJC_ISA_USAGE = YES_ERROR;
				CLANG_WARN_DOCUMENTATION_COMMENTS = YES;
				CLANG_WARN_EMPTY_BODY = YES;
				CLANG_WARN_ENUM_CONVERSION = YES;
				CLANG_WARN_INFINITE_RECURSION = YES;
				CLANG_WARN_INT_CONVERSION = YES;
				CLANG_WARN_NON_LITERAL_NULL_CONVERSION = YES;
				CLANG_WARN_OBJC_IMPLICIT_RETAIN_SELF = YES;
				CLANG_WARN_OBJC_LITERAL_CONVERSION = YES;
				CLANG_WARN_OBJC_ROOT_CLASS = YES_ERROR;
				CLANG_WARN_QUOTED_INCLUDE_IN_FRAMEWORK_HEADER = YES;
				CLANG_WARN_RANGE_LOOP_ANALYSIS = YES;
				CLANG_WARN_STRICT_PROTOTYPES = YES;
				CLANG_WARN_SUSPICIOUS_MOVE = YES;
				CLANG_WARN_UNGUARDED_AVAILABILITY = YES_AGGRESSIVE;
				CLANG_WARN_UNREACHABLE_CODE = YES;
				CLANG_WARN__DUPLICATE_METHOD_MATCH = YES;
				COPY_PHASE_STRIP = NO;
				DEBUG_INFORMATION_FORMAT = dwarf;
				ENABLE_STRICT_OBJC_MSGSEND = YES;
				ENABLE_TESTABILITY = YES;
				GCC_C_LANGUAGE_STANDARD = gnu11;
				GCC_DYNAMIC_NO_PIC = NO;
				GCC_NO_COMMON_BLOCKS = YES;
				GCC_OPTIMIZATION_LEVEL = 0;
				GCC_PREPROCESSOR_DEFINITIONS = (
					"DEBUG=1",
					"$(inherited)",
				);
				GCC_WARN_64_TO_32_BIT_CONVERSION = YES;
				GCC_WARN_ABOUT_RETURN_TYPE = YES_ERROR;
				GCC_WARN_UNDECLARED_SELECTOR = YES;
				GCC_WARN_UNINITIALIZED_AUTOS = YES_AGGRESSIVE;
				GCC_WARN_UNUSED_FUNCTION = YES;
				GCC_WARN_UNUSED_VARIABLE = YES;
				MTL_ENABLE_DEBUG_INFO = INCLUDE_SOURCE;
				MTL_FAST_MATH = YES;
				ONLY_ACTIVE_ARCH = YES;
				SWIFT_ACTIVE_COMPILATION_CONDITIONS = DEBUG;
				SWIFT_OPTIMIZATION_LEVEL = "-Onone";
			};
			name = Debug;
		};
		03866B2628E024B500FAC97B /* Release */ = {
			isa = XCBuildConfiguration;
			buildSettings = {
				ALWAYS_SEARCH_USER_PATHS = NO;
				CLANG_ANALYZER_NONNULL = YES;
				CLANG_ANALYZER_NUMBER_OBJECT_CONVERSION = YES_AGGRESSIVE;
				CLANG_CXX_LANGUAGE_STANDARD = "gnu++20";
				CLANG_ENABLE_MODULES = YES;
				CLANG_ENABLE_OBJC_ARC = YES;
				CLANG_ENABLE_OBJC_WEAK = YES;
				CLANG_WARN_BLOCK_CAPTURE_AUTORELEASING = YES;
				CLANG_WARN_BOOL_CONVERSION = YES;
				CLANG_WARN_COMMA = YES;
				CLANG_WARN_CONSTANT_CONVERSION = YES;
				CLANG_WARN_DEPRECATED_OBJC_IMPLEMENTATIONS = YES;
				CLANG_WARN_DIRECT_OBJC_ISA_USAGE = YES_ERROR;
				CLANG_WARN_DOCUMENTATION_COMMENTS = YES;
				CLANG_WARN_EMPTY_BODY = YES;
				CLANG_WARN_ENUM_CONVERSION = YES;
				CLANG_WARN_INFINITE_RECURSION = YES;
				CLANG_WARN_INT_CONVERSION = YES;
				CLANG_WARN_NON_LITERAL_NULL_CONVERSION = YES;
				CLANG_WARN_OBJC_IMPLICIT_RETAIN_SELF = YES;
				CLANG_WARN_OBJC_LITERAL_CONVERSION = YES;
				CLANG_WARN_OBJC_ROOT_CLASS = YES_ERROR;
				CLANG_WARN_QUOTED_INCLUDE_IN_FRAMEWORK_HEADER = YES;
				CLANG_WARN_RANGE_LOOP_ANALYSIS = YES;
				CLANG_WARN_STRICT_PROTOTYPES = YES;
				CLANG_WARN_SUSPICIOUS_MOVE = YES;
				CLANG_WARN_UNGUARDED_AVAILABILITY = YES_AGGRESSIVE;
				CLANG_WARN_UNREACHABLE_CODE = YES;
				CLANG_WARN__DUPLICATE_METHOD_MATCH = YES;
				COPY_PHASE_STRIP = NO;
				DEBUG_INFORMATION_FORMAT = "dwarf-with-dsym";
				ENABLE_NS_ASSERTIONS = NO;
				ENABLE_STRICT_OBJC_MSGSEND = YES;
				GCC_C_LANGUAGE_STANDARD = gnu11;
				GCC_NO_COMMON_BLOCKS = YES;
				GCC_WARN_64_TO_32_BIT_CONVERSION = YES;
				GCC_WARN_ABOUT_RETURN_TYPE = YES_ERROR;
				GCC_WARN_UNDECLARED_SELECTOR = YES;
				GCC_WARN_UNINITIALIZED_AUTOS = YES_AGGRESSIVE;
				GCC_WARN_UNUSED_FUNCTION = YES;
				GCC_WARN_UNUSED_VARIABLE = YES;
				MTL_ENABLE_DEBUG_INFO = NO;
				MTL_FAST_MATH = YES;
				SWIFT_COMPILATION_MODE = wholemodule;
				SWIFT_OPTIMIZATION_LEVEL = "-O";
			};
			name = Release;
		};
		03866B2828E024B500FAC97B /* Debug */ = {
			isa = XCBuildConfiguration;
			buildSettings = {
				ASSETCATALOG_COMPILER_APPICON_NAME = AppIcon;
				ASSETCATALOG_COMPILER_GLOBAL_ACCENT_COLOR_NAME = AccentColor;
				CODE_SIGN_STYLE = Automatic;
				CURRENT_PROJECT_VERSION = 1;
				DEVELOPMENT_ASSET_PATHS = "\"Watch_SaveTask Watch App/Preview Content\"";
				DEVELOPMENT_TEAM = 8U9F7XY8ZC;
				ENABLE_PREVIEWS = YES;
				GENERATE_INFOPLIST_FILE = YES;
				INFOPLIST_KEY_CFBundleDisplayName = Watch_SaveTask;
				INFOPLIST_KEY_UISupportedInterfaceOrientations = "UIInterfaceOrientationPortrait UIInterfaceOrientationPortraitUpsideDown";
				INFOPLIST_KEY_WKCompanionAppBundleIdentifier = "com.tanakahirokazu.Watch-SaveTask";
				LD_RUNPATH_SEARCH_PATHS = (
					"$(inherited)",
					"@executable_path/Frameworks",
				);
				MARKETING_VERSION = 1.0;
				PRODUCT_BUNDLE_IDENTIFIER = "com.tanakahirokazu.Watch-SaveTask.watchkitapp";
				PRODUCT_NAME = "$(TARGET_NAME)";
				SDKROOT = watchos;
				SKIP_INSTALL = YES;
				SWIFT_EMIT_LOC_STRINGS = YES;
				SWIFT_VERSION = 5.0;
				TARGETED_DEVICE_FAMILY = 4;
				WATCHOS_DEPLOYMENT_TARGET = 9.0;
			};
			name = Debug;
		};
		03866B2928E024B500FAC97B /* Release */ = {
			isa = XCBuildConfiguration;
			buildSettings = {
				ASSETCATALOG_COMPILER_APPICON_NAME = AppIcon;
				ASSETCATALOG_COMPILER_GLOBAL_ACCENT_COLOR_NAME = AccentColor;
				CODE_SIGN_STYLE = Automatic;
				CURRENT_PROJECT_VERSION = 1;
				DEVELOPMENT_ASSET_PATHS = "\"Watch_SaveTask Watch App/Preview Content\"";
				DEVELOPMENT_TEAM = 8U9F7XY8ZC;
				ENABLE_PREVIEWS = YES;
				GENERATE_INFOPLIST_FILE = YES;
				INFOPLIST_KEY_CFBundleDisplayName = Watch_SaveTask;
				INFOPLIST_KEY_UISupportedInterfaceOrientations = "UIInterfaceOrientationPortrait UIInterfaceOrientationPortraitUpsideDown";
				INFOPLIST_KEY_WKCompanionAppBundleIdentifier = "com.tanakahirokazu.Watch-SaveTask";
				LD_RUNPATH_SEARCH_PATHS = (
					"$(inherited)",
					"@executable_path/Frameworks",
				);
				MARKETING_VERSION = 1.0;
				PRODUCT_BUNDLE_IDENTIFIER = "com.tanakahirokazu.Watch-SaveTask.watchkitapp";
				PRODUCT_NAME = "$(TARGET_NAME)";
				SDKROOT = watchos;
				SKIP_INSTALL = YES;
				SWIFT_EMIT_LOC_STRINGS = YES;
				SWIFT_VERSION = 5.0;
				TARGETED_DEVICE_FAMILY = 4;
				VALIDATE_PRODUCT = YES;
				WATCHOS_DEPLOYMENT_TARGET = 9.0;
			};
			name = Release;
		};
		03866B2C28E024B500FAC97B /* Debug */ = {
			isa = XCBuildConfiguration;
			buildSettings = {
				ALWAYS_EMBED_SWIFT_STANDARD_LIBRARIES = YES;
				ASSETCATALOG_COMPILER_APPICON_NAME = AppIcon;
				ASSETCATALOG_COMPILER_GLOBAL_ACCENT_COLOR_NAME = AccentColor;
				CODE_SIGN_STYLE = Automatic;
				CURRENT_PROJECT_VERSION = 1;
				DEVELOPMENT_ASSET_PATHS = "\"Watch_SaveTask/Preview Content\"";
				DEVELOPMENT_TEAM = 8U9F7XY8ZC;
				ENABLE_PREVIEWS = YES;
				GENERATE_INFOPLIST_FILE = YES;
				INFOPLIST_KEY_CFBundleDisplayName = Watch_SaveTask;
				INFOPLIST_KEY_UIApplicationSceneManifest_Generation = YES;
				INFOPLIST_KEY_UIApplicationSupportsIndirectInputEvents = YES;
				INFOPLIST_KEY_UILaunchScreen_Generation = YES;
				INFOPLIST_KEY_UISupportedInterfaceOrientations_iPad = "UIInterfaceOrientationPortrait UIInterfaceOrientationPortraitUpsideDown UIInterfaceOrientationLandscapeLeft UIInterfaceOrientationLandscapeRight";
				INFOPLIST_KEY_UISupportedInterfaceOrientations_iPhone = "UIInterfaceOrientationPortrait UIInterfaceOrientationLandscapeLeft UIInterfaceOrientationLandscapeRight";
				IPHONEOS_DEPLOYMENT_TARGET = 16.0;
				LD_RUNPATH_SEARCH_PATHS = (
					"$(inherited)",
					"@executable_path/Frameworks",
				);
				MARKETING_VERSION = 1.0;
				PRODUCT_BUNDLE_IDENTIFIER = "com.tanakahirokazu.Watch-SaveTask";
				PRODUCT_NAME = "$(TARGET_NAME)";
				SDKROOT = iphoneos;
				SWIFT_EMIT_LOC_STRINGS = YES;
				SWIFT_VERSION = 5.0;
				TARGETED_DEVICE_FAMILY = "1,2";
			};
			name = Debug;
		};
		03866B2D28E024B500FAC97B /* Release */ = {
			isa = XCBuildConfiguration;
			buildSettings = {
				ALWAYS_EMBED_SWIFT_STANDARD_LIBRARIES = YES;
				ASSETCATALOG_COMPILER_APPICON_NAME = AppIcon;
				ASSETCATALOG_COMPILER_GLOBAL_ACCENT_COLOR_NAME = AccentColor;
				CODE_SIGN_STYLE = Automatic;
				CURRENT_PROJECT_VERSION = 1;
				DEVELOPMENT_ASSET_PATHS = "\"Watch_SaveTask/Preview Content\"";
				DEVELOPMENT_TEAM = 8U9F7XY8ZC;
				ENABLE_PREVIEWS = YES;
				GENERATE_INFOPLIST_FILE = YES;
				INFOPLIST_KEY_CFBundleDisplayName = Watch_SaveTask;
				INFOPLIST_KEY_UIApplicationSceneManifest_Generation = YES;
				INFOPLIST_KEY_UIApplicationSupportsIndirectInputEvents = YES;
				INFOPLIST_KEY_UILaunchScreen_Generation = YES;
				INFOPLIST_KEY_UISupportedInterfaceOrientations_iPad = "UIInterfaceOrientationPortrait UIInterfaceOrientationPortraitUpsideDown UIInterfaceOrientationLandscapeLeft UIInterfaceOrientationLandscapeRight";
				INFOPLIST_KEY_UISupportedInterfaceOrientations_iPhone = "UIInterfaceOrientationPortrait UIInterfaceOrientationLandscapeLeft UIInterfaceOrientationLandscapeRight";
				IPHONEOS_DEPLOYMENT_TARGET = 16.0;
				LD_RUNPATH_SEARCH_PATHS = (
					"$(inherited)",
					"@executable_path/Frameworks",
				);
				MARKETING_VERSION = 1.0;
				PRODUCT_BUNDLE_IDENTIFIER = "com.tanakahirokazu.Watch-SaveTask";
				PRODUCT_NAME = "$(TARGET_NAME)";
				SDKROOT = iphoneos;
				SWIFT_EMIT_LOC_STRINGS = YES;
				SWIFT_VERSION = 5.0;
				TARGETED_DEVICE_FAMILY = "1,2";
				VALIDATE_PRODUCT = YES;
			};
			name = Release;
		};
/* End XCBuildConfiguration section */

/* Begin XCConfigurationList section */
		03866B0228E024B200FAC97B /* Build configuration list for PBXProject "Watch_SaveTask" */ = {
			isa = XCConfigurationList;
			buildConfigurations = (
				03866B2528E024B500FAC97B /* Debug */,
				03866B2628E024B500FAC97B /* Release */,
			);
			defaultConfigurationIsVisible = 0;
			defaultConfigurationName = Release;
		};
		03866B2728E024B500FAC97B /* Build configuration list for PBXNativeTarget "Watch_SaveTask Watch App" */ = {
			isa = XCConfigurationList;
			buildConfigurations = (
				03866B2828E024B500FAC97B /* Debug */,
				03866B2928E024B500FAC97B /* Release */,
			);
			defaultConfigurationIsVisible = 0;
			defaultConfigurationName = Release;
		};
		03866B2B28E024B500FAC97B /* Build configuration list for PBXNativeTarget "Watch_SaveTask" */ = {
			isa = XCConfigurationList;
			buildConfigurations = (
				03866B2C28E024B500FAC97B /* Debug */,
				03866B2D28E024B500FAC97B /* Release */,
			);
			defaultConfigurationIsVisible = 0;
			defaultConfigurationName = Release;
		};
/* End XCConfigurationList section */

/* Begin XCVersionGroup section */
		03866B7728E02F7800FAC97B /* Task.xcdatamodeld */ = {
			isa = XCVersionGroup;
			children = (
				03866B7828E02F7800FAC97B /* Task.xcdatamodel */,
			);
			currentVersion = 03866B7828E02F7800FAC97B /* Task.xcdatamodel */;
			path = Task.xcdatamodeld;
			sourceTree = "<group>";
			usesTabs = 0;
			versionGroupType = wrapper.xcdatamodel;
		};
/* End XCVersionGroup section */
	};
	rootObject = 03866AFF28E024B200FAC97B /* Project object */;
}
